#MicroXplorer Configuration settings - do not modify
Mcu.Family=STM32F3
ProjectManager.MainLocation=Src
PA2.GPIO_PuPd=GPIO_NOPULL
RCC.MCOFreq_Value=48000000
FREERTOS.Queues01=dataQueue,128,uint32_t,0,Dynamic,NULL,NULL
PB13.GPIOParameters=GPIO_Label
RCC.USART1Freq_Value=24000000
USART2.IPParameters=VirtualMode-Asynchronous,BaudRate
RCC.CortexFreq_Value=48000000
RCC.TIM17Freq_Value=48000000
ProjectManager.KeepUserCode=true
Mcu.UserName=STM32F302R8Tx
ADC1.ContinuousConvMode=ENABLE
RCC.PLLCLKFreq_Value=48000000
PA14.GPIO_Label=TCK
RCC.SYSCLKSourceVirtual=RCC_SYSCLKSOURCE_PLLCLK
PA3.GPIO_PuPd=GPIO_NOPULL
ProjectManager.functionlistsort=1-MX_GPIO_Init-GPIO-false-HAL-true,2-SystemClock_Config-RCC-false-HAL-false,3-MX_ADC1_Init-ADC1-false-HAL-true,4-MX_USART2_UART_Init-USART2-false-HAL-true
PA2.GPIO_Speed=GPIO_SPEED_FREQ_LOW
RCC.RTCFreq_Value=40000
PA3.GPIOParameters=GPIO_Speed,GPIO_PuPd,GPIO_Label,GPIO_Mode
FREERTOS.configTICK_RATE_HZ=1000
RCC.HSEPLLFreq_Value=8000000
RCC.USART2Freq_Value=32000000
PC13.GPIO_Label=B1 [Blue PushButton]
PB13.GPIO_Label=LD2 [Green Led]
PA3.GPIO_Speed=GPIO_SPEED_FREQ_LOW
PB13.Signal=GPIO_Output
PA2.GPIOParameters=GPIO_Speed,GPIO_PuPd,GPIO_Label,GPIO_Mode
PC14\ -\ OSC32_IN.Locked=true
PinOutPanel.RotationAngle=0
ProjectManager.StackSize=0x400
VP_FREERTOS_VS_CMSIS_V2.Mode=CMSIS_V2
SH.GPXTI13.0=GPIO_EXTI13
ADC1.SingleDiff-2\#ChannelRegularConversion=ADC_DIFFERENTIAL_ENDED
RCC.I2C3Freq_Value=8000000
Mcu.IP4=SYS
RCC.FCLKCortexFreq_Value=48000000
Mcu.IP5=USART2
Mcu.IP2=NVIC
NVIC.SVCall_IRQn=true\:0\:0\:false\:false\:false\:false\:false\:false
Mcu.IP3=RCC
Mcu.IP0=ADC1
Mcu.IP1=FREERTOS
NVIC.ADC1_IRQn=true\:5\:0\:false\:false\:true\:true\:true\:true
Mcu.UserConstants=
SH.GPXTI13.ConfNb=1
Mcu.ThirdPartyNb=0
RCC.HCLKFreq_Value=48000000
Mcu.IPNb=6
RCC.I2SClocksFreq_Value=48000000
ProjectManager.PreviousToolchain=STM32CubeIDE
RCC.APB2TimFreq_Value=48000000
ADC1.Channel-2\#ChannelRegularConversion=ADC_CHANNEL_6
SH.ADCx_IN7.ConfNb=1
Mcu.Pin6=PC1
Mcu.Pin7=PA2
ADC1.SubFamily=STM32F302x8
Mcu.Pin8=PA3
Mcu.Pin9=PB13
FREERTOS.IPParameters=Tasks01,FootprintOK,Queues01,INCLUDE_vTaskCleanUpResources,configTICK_RATE_HZ
RCC.AHBFreq_Value=48000000
PB13.Locked=true
RCC.TIM2Freq_Value=48000000
Mcu.Pin0=PC13
Mcu.Pin1=PC14 - OSC32_IN
GPIO.groupedBy=Group By Peripherals
Mcu.Pin2=PC15 - OSC32_OUT
PC15\ -\ OSC32_OUT.Signal=RCC_OSC32_OUT
Mcu.Pin3=PF0-OSC_IN
RCC.USART3Freq_Value=32000000
Mcu.Pin4=PF1-OSC_OUT
Mcu.Pin5=PC0
ProjectManager.ProjectBuild=false
RCC.HSE_VALUE=8000000
NVIC.UsageFault_IRQn=true\:0\:0\:false\:false\:true\:false\:true\:false
NVIC.DebugMonitor_IRQn=true\:0\:0\:false\:false\:true\:false\:true\:false
PB3.Mode=Trace_Asynchronous_SW
USART2.VirtualMode-Asynchronous=VM_ASYNC
NVIC.SysTick_IRQn=true\:15\:0\:true\:false\:false\:true\:true\:false
RCC.PLLMUL=RCC_PLL_MUL6
ProjectManager.FirmwarePackage=STM32Cube FW_F3 V1.11.0
MxDb.Version=DB.5.0.60
ADC1.Rank-2\#ChannelRegularConversion=1
ProjectManager.BackupPrevious=false
PF0-OSC_IN.Locked=true
PA14.Mode=Serial_Wire
VP_SYS_VS_tim1.Mode=TIM1
File.Version=6
PB3.GPIOParameters=GPIO_Label
FREERTOS.INCLUDE_vTaskCleanUpResources=1
NVIC.PendSV_IRQn=true\:15\:0\:false\:false\:false\:true\:false\:false
SH.ADCx_IN6.ConfNb=1
ProjectManager.HalAssertFull=true
ProjectManager.ProjectName=STAMPTEst
RCC.TIM1Freq_Value=48000000
PA13.GPIOParameters=GPIO_Label
RCC.PLLMCOFreq_Value=48000000
Mcu.Package=LQFP64
RCC.TIM15Freq_Value=48000000
NVIC.TimeBase=TIM1_UP_TIM16_IRQn
PA14.Locked=true
ProjectManager.ToolChainLocation=
PA2.GPIO_Label=USART_TX
RCC.LSI_VALUE=40000
NVIC.TimeBaseIP=TIM1
FREERTOS.FootprintOK=true
RCC.TIM16Freq_Value=48000000
RCC.APB1TimFreq_Value=48000000
NVIC.BusFault_IRQn=true\:0\:0\:false\:false\:true\:false\:true\:false
ProjectManager.CustomerFirmwarePackage=
PF1-OSC_OUT.Signal=RCC_OSC_OUT
PB3.Locked=true
PA3.Signal=USART2_RX
PA2.GPIO_Mode=GPIO_MODE_AF_PP
PA2.Locked=true
PB3.GPIO_Label=SWO
RCC.PLLSourceVirtual=RCC_PLLSOURCE_HSE
ProjectManager.ProjectFileName=STAMPTEst.ioc
RCC.ADC12outputFreq_Value=187500
FREERTOS.Tasks01=measureTask,24,128,StartMeasurement,Default,NULL,Dynamic,NULL,NULL;UARTTransmit,24,128,TransmitTask,Default,NULL,Dynamic,NULL,NULL;HeartBeat,8,128,HeartBeatTask,Default,NULL,Dynamic,NULL,NULL
Mcu.PinsNb=15
ProjectManager.NoMain=false
SH.ADCx_IN6.0=ADC1_IN6,IN6-Differential
ADC1.IPParameters=Rank-2\#ChannelRegularConversion,master,Channel-2\#ChannelRegularConversion,SingleDiff-2\#ChannelRegularConversion,SamplingTime-2\#ChannelRegularConversion,OffsetNumber-2\#ChannelRegularConversion,Offset-2\#ChannelRegularConversion,NbrOfConversionFlag,ContinuousConvMode,SubFamily,ClockPrescaler
PC13.Locked=true
PC13.Signal=GPXTI13
ProjectManager.DefaultFWLocation=true
ProjectManager.DeletePrevious=true
PF1-OSC_OUT.Locked=true
RCC.HSIPLLFreq_Value=4000000
PC0.Signal=ADCx_IN6
RCC.APB1CLKDivider=RCC_HCLK_DIV2
boardIOC=true
USART2.BaudRate=115200
ADC1.SamplingTime-2\#ChannelRegularConversion=ADC_SAMPLETIME_1CYCLE_5
RCC.FamilyName=M
PA13.Signal=SYS_JTMS-SWDIO
PA3.Mode=Asynchronous
PC14\ -\ OSC32_IN.Mode=LSE-External-Oscillator
ProjectManager.TargetToolchain=STM32CubeIDE
SH.ADCx_IN7.0=ADC1_IN7,IN6-Differential
PA3.GPIO_Mode=GPIO_MODE_AF_PP
ADC1.Offset-2\#ChannelRegularConversion=0
RCC.USBFreq_Value=48000000
PF0-OSC_IN.Mode=HSE-External-Clock-Source
board=NUCLEO-F302R8
ProjectManager.LastFirmware=true
RCC.VCOOutput2Freq_Value=8000000
RCC.APB2Freq_Value=48000000
MxCube.Version=5.6.0
RCC.I2C1Freq_Value=8000000
VP_SYS_VS_tim1.Signal=SYS_VS_tim1
PC13.GPIOParameters=GPIO_Label,GPIO_ModeDefaultEXTI
NVIC.NonMaskableInt_IRQn=true\:0\:0\:false\:false\:true\:false\:true\:false
PA13.Mode=Serial_Wire
ADC1.OffsetNumber-2\#ChannelRegularConversion=ADC_OFFSET_NONE
ProjectManager.FreePins=true
RCC.IPParameters=ADC12PRES,ADC12outputFreq_Value,AHBFreq_Value,APB1CLKDivider,APB1Freq_Value,APB1TimFreq_Value,APB2Freq_Value,APB2TimFreq_Value,CortexFreq_Value,FCLKCortexFreq_Value,FamilyName,HCLKFreq_Value,HSEPLLFreq_Value,HSE_VALUE,HSIPLLFreq_Value,HSI_VALUE,I2C1Freq_Value,I2C2Freq_Value,I2C3Freq_Value,I2SClocksFreq_Value,LSI_VALUE,MCOFreq_Value,PLLCLKFreq_Value,PLLM,PLLMCOFreq_Value,PLLMUL,PLLN,PLLP,PLLQ,PLLSourceVirtual,RTCFreq_Value,RTCHSEDivFreq_Value,SYSCLKFreq_VALUE,SYSCLKSourceVirtual,TIM15Freq_Value,TIM16Freq_Value,TIM17Freq_Value,TIM1Freq_Value,TIM2Freq_Value,USART1Freq_Value,USART2Freq_Value,USART3Freq_Value,USBFreq_Value,VCOOutput2Freq_Value
ProjectManager.AskForMigrate=true
Mcu.Name=STM32F302R(6-8)Tx
RCC.RTCHSEDivFreq_Value=250000
PA13.GPIO_Label=TMS
PA2.Signal=USART2_TX
ProjectManager.UnderRoot=true
VP_FREERTOS_VS_CMSIS_V2.Signal=FREERTOS_VS_CMSIS_V2
PC15\ -\ OSC32_OUT.Locked=true
ProjectManager.CoupleFile=true
PB3.Signal=SYS_JTDO-TRACESWO
RCC.SYSCLKFreq_VALUE=48000000
ADC1.master=1
PA3.Locked=true
NVIC.ForceEnableDMAVector=true
KeepUserPlacement=false
PC13.GPIO_ModeDefaultEXTI=GPIO_MODE_IT_FALLING
PA14.GPIOParameters=GPIO_Label
NVIC.MemoryManagement_IRQn=true\:0\:0\:false\:false\:true\:false\:true\:false
PA13.Locked=true
ProjectManager.CompilerOptimize=6
PA14.Signal=SYS_JTCK-SWCLK
PC15\ -\ OSC32_OUT.Mode=LSE-External-Oscillator
ProjectManager.HeapSize=0x200
NVIC.HardFault_IRQn=true\:0\:0\:false\:false\:true\:false\:true\:false
Mcu.Pin13=VP_FREERTOS_VS_CMSIS_V2
Mcu.Pin14=VP_SYS_VS_tim1
ProjectManager.ComputerToolchain=false
RCC.HSI_VALUE=8000000
NVIC.TIM1_UP_TIM16_IRQn=true\:0\:0\:false\:false\:true\:false\:false\:true
RCC.PLLP=RCC_PLLP_DIV4
RCC.PLLQ=7
NVIC.PriorityGroup=NVIC_PRIORITYGROUP_4
ADC1.NbrOfConversionFlag=1
Mcu.Pin11=PA14
Mcu.Pin12=PB3
RCC.PLLM=8
RCC.PLLN=336
Mcu.Pin10=PA13
PA2.Mode=Asynchronous
PF0-OSC_IN.Signal=RCC_OSC_IN
RCC.ADC12PRES=RCC_ADC1PLLCLK_DIV256
RCC.I2C2Freq_Value=8000000
RCC.APB1Freq_Value=24000000
ADC1.ClockPrescaler=ADC_CLOCK_ASYNC_DIV1
ProjectManager.DeviceId=STM32F302R8Tx
PC1.Signal=ADCx_IN7
ProjectManager.LibraryCopy=1
PA3.GPIO_Label=USART_RX
PC14\ -\ OSC32_IN.Signal=RCC_OSC32_IN
