#MicroXplorer Configuration settings - do not modify
Mcu.Family=STM32F7
ProjectManager.MainLocation=Src
PA6.Mode=Full_Duplex_Master
RCC.USART1Freq_Value=108000000
RCC.SAI1Freq_Value=96000000
RCC.CortexFreq_Value=216000000
SPI4.VirtualType=VM_MASTER
FREERTOS.BinarySemaphores01=BinSemaphore1,Dynamic,NULL
ProjectManager.KeepUserCode=true
Mcu.UserName=STM32F779BITx
SPI2.VirtualType=VM_MASTER
PB10.Mode=OTG/Dual-Role-Device-HS
RCC.PLLCLKFreq_Value=216000000
PI15.Locked=true
RCC.PLLQCLKFreq_Value=48000000
SPI4.Direction=SPI_DIRECTION_2LINES
PF0.GPIOParameters=GPIO_Label
ProjectManager.functionlistsort=1-MX_GPIO_Init-GPIO-false-HAL-true,2-SystemClock_Config-RCC-false-HAL-false,3-MX_CORTEX_M7_Init-CORTEX_M7-false-HAL-true,4-MX_CRYP_Init-CRYP-false-HAL-true,5-MX_HASH_Init-HASH-false-HAL-true,6-MX_RNG_Init-RNG-false-HAL-true,7-MX_SPI1_Init-SPI1-false-HAL-true,8-MX_SPI2_Init-SPI2-false-HAL-true,9-MX_SPI3_Init-SPI3-false-HAL-true,10-MX_SPI4_Init-SPI4-false-HAL-true,11-MX_SPI5_Init-SPI5-false-HAL-true,12-MX_SPI6_Init-SPI6-false-HAL-true,13-MX_UART4_Init-UART4-false-HAL-true,14-MX_USB_OTG_FS_HCD_Init-USB_OTG_FS-false-HAL-true,15-MX_USB_OTG_HS_USB_Init-USB_OTG_HS-false-HAL-true
PI15.GPIO_Label=FL3_CS2
PA11.Mode=Host_Only
PC14/OSC32_IN.Mode=LSE-External-Clock-Source
RCC.PLLI2SRCLKFreq_Value=96000000
RCC.USART2Freq_Value=54000000
PB11.Signal=USB_OTG_HS_ULPI_D4
PB13.Signal=USB_OTG_HS_ULPI_D6
PinOutPanel.RotationAngle=0
RCC.SYSCLKSource=RCC_SYSCLKSOURCE_PLLCLK
ProjectManager.StackSize=0x400
RCC.I2C3Freq_Value=54000000
RCC.LPTIM1Freq_Value=54000000
Mcu.IP4=FREERTOS
Mcu.IP5=HASH
RCC.FCLKCortexFreq_Value=216000000
Mcu.IP2=CRYP
NVIC.SVCall_IRQn=true\:0\:0\:false\:false\:false\:false\:false\:false
Mcu.IP3=FATFS
PI11.Mode=OTG/Dual-Role-Device-HS
Mcu.IP0=ADC1
FREERTOS.configENABLE_FPU=1
Mcu.IP1=CORTEX_M7
PA12.Signal=USB_OTG_FS_DP
Mcu.UserConstants=
SPI4.Mode=SPI_MODE_MASTER
RCC.LCDTFTFreq_Value=48000000
PF1.GPIOParameters=GPIO_Label
RCC.SDMMCFreq_Value=216000000
Mcu.ThirdPartyNb=0
PH0/OSC_IN.Mode=HSE-External-Clock-Source
RCC.HCLKFreq_Value=216000000
RCC.I2C4Freq_Value=54000000
PE2.Mode=Full_Duplex_Master
Mcu.IPNb=13
RCC.PLLI2SRoutputFreq_Value=96000000
ProjectManager.PreviousToolchain=TrueSTUDIO
PF1.Locked=true
RCC.APB2TimFreq_Value=216000000
RCC.SPDIFRXFreq_Value=96000000
PH1/OSC_OUT.Signal=RCC_OSC_OUT
PC3.Signal=ADCx_IN13
PI9.Mode=Asynchronous
Mcu.Pin6=PI11
RCC.SAI2Freq_Value=96000000
Mcu.Pin7=PF0
PE5.Signal=SPI4_MISO
Mcu.Pin8=PF1
Mcu.Pin9=PF2
RCC.VCOSAIOutputFreq_Value=192000000
SPI4.IPParameters=VirtualType,Mode,Direction,CalculateBaudRate,BaudRatePrescaler
FREERTOS.IPParameters=Tasks01,configENABLE_FPU,configMINIMAL_STACK_SIZE,Mutexes01,BinarySemaphores01,FootprintOK
FREERTOS.configMINIMAL_STACK_SIZE=1024
RCC.AHBFreq_Value=216000000
SPI2.BaudRatePrescaler=SPI_BAUDRATEPRESCALER_2
Mcu.Pin0=PE2
Mcu.Pin1=PE5
Mcu.Pin2=PE6
Mcu.Pin3=PC14/OSC32_IN
RCC.USART3Freq_Value=54000000
Mcu.Pin4=PC15/OSC32_OUT
Mcu.Pin5=PI9
RCC.PLLSAIRCLKFreq_Value=96000000
ProjectManager.ProjectBuild=false
RCC.HSE_VALUE=25000000
NVIC.UsageFault_IRQn=true\:0\:0\:false\:false\:true\:false\:false\:false
NVIC.DebugMonitor_IRQn=true\:0\:0\:false\:false\:true\:false\:false\:false
USB_OTG_FS.phy_itface=HCD_PHY_EMBEDDED
PB2.Signal=SPI3_MOSI
PB3.Mode=JTAG_5_pins
PF1.GPIO_Label=FL1_CS2
SH.ADCx_IN14.ConfNb=1
Mcu.IP10=SPI4
SH.ADCx_IN15.0=ADC1_IN15,IN15
NVIC.SysTick_IRQn=true\:15\:0\:false\:false\:false\:true\:false\:false
Mcu.IP12=USB_OTG_FS
Mcu.IP11=SYS
ProjectManager.FirmwarePackage=STM32Cube FW_F7 V1.16.0
ADC1.SamplingTime-4\#ChannelRegularConversion=ADC_SAMPLETIME_3CYCLES
MxDb.Version=DB.5.0.60
PB4.Mode=JTAG_5_pins
ProjectManager.BackupPrevious=false
RCC.VCOInputFreq_Value=1000000
PC4.GPIO_Label=OUT_PT_2
VP_SYS_VS_tim1.Mode=TIM1
PB5.Mode=OTG/Dual-Role-Device-HS
File.Version=6
SPI2.CalculateBaudRate=27.0 MBits/s
SH.ADCx_IN13.ConfNb=1
PI15.GPIOParameters=GPIO_Label
PE2.Signal=SPI4_SCK
PF2.Locked=true
NVIC.PendSV_IRQn=true\:15\:0\:false\:false\:false\:true\:false\:false
VP_FREERTOS_VS_CMSIS_V1.Mode=CMSIS_V1
PH1/OSC_OUT.Mode=HSE-External-Clock-Source
SPI4.BaudRatePrescaler=SPI_BAUDRATEPRESCALER_2
ProjectManager.HalAssertFull=false
ProjectManager.ProjectName=Cube
RCC.MCO2PinFreq_Value=216000000
Mcu.Package=LQFP208
PB1.Signal=USB_OTG_HS_ULPI_D2
PA6.Signal=SPI6_MISO
PB12.Mode=OTG/Dual-Role-Device-HS
NVIC.TimeBase=TIM1_UP_TIM10_IRQn
SPI2.Mode=SPI_MODE_MASTER
VP_FATFS_VS_Generic.Signal=FATFS_VS_Generic
SH.ADCx_IN14.0=ADC1_IN14,IN14
PC14/OSC32_IN.Signal=RCC_OSC32_IN
ProjectManager.ToolChainLocation=
RCC.LSI_VALUE=32000
NVIC.TimeBaseIP=TIM1
RCC.DSIFreq_Value=62500000
FREERTOS.FootprintOK=true
USB_OTG_FS.VirtualMode=Host_Only
RCC.DFSDMFreq_Value=108000000
RCC.APB2CLKDivider=RCC_HCLK_DIV2
RCC.CECFreq_Value=32786.88524590164
RCC.APB1TimFreq_Value=108000000
NVIC.BusFault_IRQn=true\:0\:0\:false\:false\:true\:false\:false\:false
SPI2.Direction=SPI_DIRECTION_2LINES
PF0.Signal=GPIO_Output
PC5.Signal=ADCx_IN15
USB_OTG_FS.IPParameters=VirtualMode,phy_itface
PB13.Mode=OTG/Dual-Role-Device-HS
PI11.Signal=USB_OTG_HS_ULPI_DIR
RCC.DFSDMAudioFreq_Value=96000000
PJ0.Locked=true
ProjectManager.CustomerFirmwarePackage=
PC4.GPIOParameters=GPIO_Label
ADC1.Rank-4\#ChannelRegularConversion=1
RCC.PLLSAIQCLKFreq_Value=96000000
PB4.Signal=SYS_JTRST
PA3.Signal=USB_OTG_HS_ULPI_D0
PA5.Mode=OTG/Dual-Role-Device-HS
VP_CRYP_VS_CRYP.Mode=CRYP_Activate
RCC.I2SFreq_Value=96000000
RCC.PLLQoutputFreq_Value=48000000
ProjectManager.ProjectFileName=Cube.ioc
SH.ADCx_IN13.0=ADC1_IN13,IN13
FREERTOS.Tasks01=defaultTask,-2,1024,StartDefaultTask,Default,NULL,Dynamic,NULL,NULL;ADCManager,3,1024,ADCManager_entry,Default,NULL,Dynamic,NULL,NULL;TelemetryTask,3,1024,TelemetryTask_entrie,Default,NULL,Dynamic,NULL,NULL
PA7.Mode=Full_Duplex_Master
RCC.UART7Freq_Value=54000000
ADC1.Channel-4\#ChannelRegularConversion=ADC_CHANNEL_15
Mcu.PinsNb=43
ProjectManager.NoMain=false
ADC1.IPParameters=Rank-4\#ChannelRegularConversion,master,Channel-4\#ChannelRegularConversion,SamplingTime-4\#ChannelRegularConversion,NbrOfConversionFlag
RCC.PLLRFreq_Value=216000000
PC2.Signal=SPI2_MISO
PC4.Signal=ADCx_IN14
ProjectManager.DefaultFWLocation=true
PC2.Mode=Full_Duplex_Master
ProjectManager.DeletePrevious=true
RCC.UART8Freq_Value=54000000
PC0.Signal=USB_OTG_HS_ULPI_STP
VP_RNG_VS_RNG.Mode=RNG_Activate
RCC.APB1CLKDivider=RCC_HCLK_DIV4
RCC.FamilyName=M
PC0.Mode=OTG/Dual-Role-Device-HS
RCC.DSITXEscFreq_Value=15625000
PC3.GPIOParameters=GPIO_Label
PA3.Mode=OTG/Dual-Role-Device-HS
VP_FREERTOS_VS_CMSIS_V1.Signal=FREERTOS_VS_CMSIS_V1
PA9.Mode=Full_Duplex_Master
PB11.Mode=OTG/Dual-Role-Device-HS
ProjectManager.TargetToolchain=TrueSTUDIO
RCC.USART6Freq_Value=108000000
RCC.PLLDSIVCOFreq_Value=1000000000
VP_RNG_VS_RNG.Signal=RNG_VS_RNG
PC5.GPIOParameters=GPIO_Label
PA9.Signal=SPI2_SCK
SPI2.IPParameters=VirtualType,Mode,Direction,CalculateBaudRate,BaudRatePrescaler
PF2.Signal=GPIO_Output
RCC.USBFreq_Value=48000000
RCC.PLLSAIoutputFreq_Value=96000000
RCC.LSE_VALUE=32768
VP_FATFS_VS_Generic.Mode=User_defined
PB10.Signal=USB_OTG_HS_ULPI_D3
RCC.VCOI2SOutputFreq_Value=192000000
PA5.Signal=USB_OTG_HS_ULPI_CK
Mcu.Pin40=VP_HASH_VS_HASH
Mcu.Pin41=VP_RNG_VS_RNG
PB0.Mode=OTG/Dual-Role-Device-HS
Mcu.Pin42=VP_SYS_VS_tim1
RCC.PLLSAIPCLKFreq_Value=96000000
board=custom
PI9.GPIO_Label=UART4_DAPI_RX
RCC.VCOOutputFreq_Value=432000000
ProjectManager.LastFirmware=true
PI9.Signal=UART4_RX
PF2.GPIOParameters=GPIO_Label
PH0/OSC_IN.Signal=RCC_OSC_IN
RCC.APB2Freq_Value=108000000
VP_HASH_VS_HASH.Mode=HASH_Activate
RCC.UART4Freq_Value=54000000
PE6.Mode=Full_Duplex_Master
MxCube.Version=5.6.0
Mcu.Pin37=VP_CRYP_VS_CRYP
Mcu.Pin38=VP_FATFS_VS_Generic
Mcu.Pin35=PB4
RCC.I2C1Freq_Value=54000000
Mcu.Pin36=PB5
VP_SYS_VS_tim1.Signal=SYS_VS_tim1
RCC.PLLI2SPCLKFreq_Value=96000000
Mcu.Pin39=VP_FREERTOS_VS_CMSIS_V1
VP_CRYP_VS_CRYP.Signal=CRYP_VS_CRYP
RCC.RNGFreq_Value=48000000
PE5.Mode=Full_Duplex_Master
Mcu.Pin30=PB13
RCC.EthernetFreq_Value=216000000
Mcu.Pin33=PA12
Mcu.Pin34=PB3
SH.ADCx_IN15.ConfNb=1
Mcu.Pin31=PA9
Mcu.Pin32=PA11
NVIC.NonMaskableInt_IRQn=true\:0\:0\:false\:false\:true\:false\:false\:false
SPI4.CalculateBaudRate=54.0 MBits/s
PF0.Locked=true
PF1.Signal=GPIO_Output
PE6.Signal=SPI4_MOSI
RCC.UART5Freq_Value=54000000
ProjectManager.FreePins=false
RCC.IPParameters=AHBFreq_Value,APB1CLKDivider,APB1Freq_Value,APB1TimFreq_Value,APB2CLKDivider,APB2Freq_Value,APB2TimFreq_Value,CECFreq_Value,CortexFreq_Value,DFSDMAudioFreq_Value,DFSDMFreq_Value,DSIFreq_Value,DSITXEscFreq_Value,EthernetFreq_Value,FCLKCortexFreq_Value,FamilyName,HCLKFreq_Value,HSE_VALUE,HSI_VALUE,I2C1Freq_Value,I2C2Freq_Value,I2C3Freq_Value,I2C4Freq_Value,I2SFreq_Value,LCDTFTFreq_Value,LPTIM1Freq_Value,LSE_VALUE,LSI_VALUE,MCO2PinFreq_Value,PLLCLKFreq_Value,PLLDSIVCOFreq_Value,PLLI2SPCLKFreq_Value,PLLI2SQCLKFreq_Value,PLLI2SRCLKFreq_Value,PLLI2SRoutputFreq_Value,PLLM,PLLN,PLLQ,PLLQCLKFreq_Value,PLLQoutputFreq_Value,PLLRFreq_Value,PLLSAIPCLKFreq_Value,PLLSAIQCLKFreq_Value,PLLSAIRCLKFreq_Value,PLLSAIoutputFreq_Value,RNGFreq_Value,SAI1Freq_Value,SAI2Freq_Value,SDMMC2Freq_Value,SDMMCFreq_Value,SPDIFRXFreq_Value,SYSCLKFreq_VALUE,SYSCLKSource,UART4Freq_Value,UART5Freq_Value,UART7Freq_Value,UART8Freq_Value,USART1Freq_Value,USART2Freq_Value,USART3Freq_Value,USART6Freq_Value,USBFreq_Value,VCOI2SOutputFreq_Value,VCOInputFreq_Value,VCOOutputFreq_Value,VCOSAIOutputFreq_Value
PJ0.Signal=GPIO_Output
ProjectManager.AskForMigrate=true
Mcu.Name=STM32F779BITx
RCC.PLLI2SQCLKFreq_Value=96000000
PI9.GPIOParameters=GPIO_Label
Mcu.Pin26=PJ0
Mcu.Pin27=PB10
Mcu.Pin24=PB2
ProjectManager.UnderRoot=true
Mcu.Pin25=PI15
Mcu.IP8=RNG
Mcu.IP9=SPI2
Mcu.Pin28=PB11
Mcu.IP6=NVIC
Mcu.Pin29=PB12
Mcu.IP7=RCC
ProjectManager.CoupleFile=false
PB3.Signal=SYS_JTDO-SWO
RCC.SYSCLKFreq_VALUE=216000000
Mcu.Pin22=PB0
PB5.Signal=USB_OTG_HS_ULPI_D7
Mcu.Pin23=PB1
Mcu.Pin20=PC4
ADC1.master=1
Mcu.Pin21=PC5
PA12.Mode=Host_Only
PJ0.GPIOParameters=GPIO_Label
NVIC.ForceEnableDMAVector=true
KeepUserPlacement=false
PC5.GPIO_Label=OUT_PT_3
NVIC.MemoryManagement_IRQn=true\:0\:0\:false\:false\:true\:false\:false\:false
PC15/OSC32_OUT.Mode=LSE-External-Clock-Source
PB2.Mode=Full_Duplex_Master
ProjectManager.CompilerOptimize=6
PA11.Signal=USB_OTG_FS_DM
PJ0.GPIO_Label=FL3_RES
ProjectManager.HeapSize=0x200
Mcu.Pin15=PC3
VP_HASH_VS_HASH.Signal=HASH_VS_HASH
NVIC.HardFault_IRQn=true\:0\:0\:false\:false\:true\:false\:false\:false
Mcu.Pin16=PA3
PB1.Mode=OTG/Dual-Role-Device-HS
Mcu.Pin13=PC1
Mcu.Pin14=PC2
Mcu.Pin19=PA7
NVIC.TIM1_UP_TIM10_IRQn=true\:0\:0\:false\:false\:true\:false\:false\:true
ProjectManager.ComputerToolchain=false
Mcu.Pin17=PA5
RCC.HSI_VALUE=16000000
Mcu.Pin18=PA6
FREERTOS.Mutexes01=Mutex1,Dynamic,NULL;Mutex2,Dynamic,NULL
RCC.PLLQ=9
NVIC.PriorityGroup=NVIC_PRIORITYGROUP_4
ADC1.NbrOfConversionFlag=1
Mcu.Pin11=PH1/OSC_OUT
PF0.GPIO_Label=FL1_CS1
Mcu.Pin12=PC0
RCC.PLLM=25
RCC.PLLN=432
Mcu.Pin10=PH0/OSC_IN
PI15.Signal=GPIO_Output
PC3.GPIO_Label=OUT_PT_1
PC15/OSC32_OUT.Signal=RCC_OSC32_OUT
RCC.I2C2Freq_Value=54000000
RCC.APB1Freq_Value=54000000
RCC.SDMMC2Freq_Value=216000000
PB0.Signal=USB_OTG_HS_ULPI_D1
ProjectManager.DeviceId=STM32F779BITx
PC1.Signal=SPI2_MOSI
PB12.Signal=USB_OTG_HS_ULPI_D5
ProjectManager.LibraryCopy=1
PC1.Mode=Full_Duplex_Master
PA7.Signal=SPI6_MOSI
PF2.GPIO_Label=FL1_RES
