#MicroXplorer Configuration settings - do not modify
ADC1.Channel-5\#ChannelRegularConversion=ADC_CHANNEL_4
ADC1.IPParameters=Rank-5\#ChannelRegularConversion,master,Channel-5\#ChannelRegularConversion,SamplingTime-5\#ChannelRegularConversion,NbrOfConversionFlag
ADC1.NbrOfConversionFlag=1
ADC1.Rank-5\#ChannelRegularConversion=1
ADC1.SamplingTime-5\#ChannelRegularConversion=ADC_SAMPLETIME_3CYCLES
ADC1.master=1
File.Version=6
GPIO.groupedBy=
KeepUserPlacement=false
Mcu.Family=STM32F7
Mcu.IP0=ADC1
Mcu.IP1=CORTEX_M7
Mcu.IP10=UART4
Mcu.IP11=UART8
Mcu.IP2=NVIC
Mcu.IP3=RCC
Mcu.IP4=SPI2
Mcu.IP5=SPI3
Mcu.IP6=SPI4
Mcu.IP7=SPI5
Mcu.IP8=SPI6
Mcu.IP9=SYS
Mcu.IPNb=12
Mcu.Name=STM32F779BITx
Mcu.Package=LQFP208
Mcu.Pin0=PE2
Mcu.Pin1=PE5
Mcu.Pin10=PA3
Mcu.Pin11=PA4
Mcu.Pin12=PA5
Mcu.Pin13=PA6
Mcu.Pin14=PA7
Mcu.Pin15=PB0
Mcu.Pin16=PB1
Mcu.Pin17=PB2
Mcu.Pin18=PJ0
Mcu.Pin19=PJ1
Mcu.Pin2=PE6
Mcu.Pin20=PJ2
Mcu.Pin21=PJ3
Mcu.Pin22=PF11
Mcu.Pin23=PF12
Mcu.Pin24=PF13
Mcu.Pin25=PF14
Mcu.Pin26=PF15
Mcu.Pin27=PH9
Mcu.Pin28=PH10
Mcu.Pin29=PH11
Mcu.Pin3=PI9
Mcu.Pin30=PH12
Mcu.Pin31=PB12
Mcu.Pin32=PB13
Mcu.Pin33=PB14
Mcu.Pin34=PB15
Mcu.Pin35=PD8
Mcu.Pin36=PD9
Mcu.Pin37=PD10
Mcu.Pin38=PD11
Mcu.Pin39=PD12
Mcu.Pin4=PF7
Mcu.Pin40=PA13
Mcu.Pin41=PA14
Mcu.Pin42=PA15
Mcu.Pin43=PC10
Mcu.Pin44=PC11
Mcu.Pin45=PB3
Mcu.Pin46=PB4
Mcu.Pin47=PE0
Mcu.Pin48=PE1
Mcu.Pin49=PI5
Mcu.Pin5=PF8
Mcu.Pin50=PI6
Mcu.Pin51=PI7
Mcu.Pin52=VP_SYS_VS_Systick
Mcu.Pin6=PA0/WKUP
Mcu.Pin7=PH3
Mcu.Pin8=PH4
Mcu.Pin9=PH5
Mcu.PinsNb=53
Mcu.ThirdPartyNb=0
Mcu.UserConstants=
Mcu.UserName=STM32F779BITx
MxCube.Version=5.6.0
MxDb.Version=DB.5.0.60
NVIC.BusFault_IRQn=true\:0\:0\:false\:false\:true\:false\:false
NVIC.DebugMonitor_IRQn=true\:0\:0\:false\:false\:true\:false\:false
NVIC.ForceEnableDMAVector=true
NVIC.HardFault_IRQn=true\:0\:0\:false\:false\:true\:false\:false
NVIC.MemoryManagement_IRQn=true\:0\:0\:false\:false\:true\:false\:false
NVIC.NonMaskableInt_IRQn=true\:0\:0\:false\:false\:true\:false\:false
NVIC.PendSV_IRQn=true\:0\:0\:false\:false\:true\:false\:false
NVIC.PriorityGroup=NVIC_PRIORITYGROUP_4
NVIC.SVCall_IRQn=true\:0\:0\:false\:false\:true\:false\:false
NVIC.SysTick_IRQn=true\:0\:0\:false\:false\:true\:false\:true
NVIC.UsageFault_IRQn=true\:0\:0\:false\:false\:true\:false\:false
PA0/WKUP.GPIOParameters=GPIO_Label
PA0/WKUP.GPIO_Label=DAPI_TX
PA0/WKUP.Mode=Asynchronous
PA0/WKUP.Signal=UART4_TX
PA13.Mode=JTAG_5_pins
PA13.Signal=SYS_JTMS-SWDIO
PA14.Mode=JTAG_5_pins
PA14.Signal=SYS_JTCK-SWCLK
PA15.Mode=JTAG_5_pins
PA15.Signal=SYS_JTDI
PA3.GPIOParameters=GPIO_Label
PA3.GPIO_Label=ADC2_RES
PA3.Locked=true
PA3.Signal=GPIO_Output
PA4.Signal=ADCx_IN4
PA5.Locked=true
PA5.Mode=Full_Duplex_Master
PA5.Signal=SPI6_SCK
PA6.Mode=Full_Duplex_Master
PA6.Signal=SPI6_MISO
PA7.Locked=true
PA7.Mode=Full_Duplex_Master
PA7.Signal=SPI6_MOSI
PB0.Signal=ADCx_IN8
PB1.Signal=ADCx_IN9
PB12.GPIOParameters=GPIO_Label
PB12.GPIO_Label=FL_1_CS1
PB12.Locked=true
PB12.Signal=GPIO_Output
PB13.Locked=true
PB13.Mode=Full_Duplex_Master
PB13.Signal=SPI2_SCK
PB14.Locked=true
PB14.Mode=Full_Duplex_Master
PB14.Signal=SPI2_MISO
PB15.Locked=true
PB15.Mode=Full_Duplex_Master
PB15.Signal=SPI2_MOSI
PB2.Mode=Full_Duplex_Master
PB2.Signal=SPI3_MOSI
PB3.Mode=JTAG_5_pins
PB3.Signal=SYS_JTDO-SWO
PB4.Mode=JTAG_5_pins
PB4.Signal=SYS_JTRST
PC10.Mode=Full_Duplex_Master
PC10.Signal=SPI3_SCK
PC11.Mode=Full_Duplex_Master
PC11.Signal=SPI3_MISO
PD10.GPIOParameters=GPIO_Label
PD10.GPIO_Label=FL_2_RES
PD10.Locked=true
PD10.Signal=GPIO_Output
PD11.GPIOParameters=GPIO_Label
PD11.GPIO_Label=FL_2_CS2
PD11.Locked=true
PD11.Signal=GPIO_Output
PD12.GPIOParameters=GPIO_Label
PD12.GPIO_Label=FL_2_CS1
PD12.Locked=true
PD12.Signal=GPIO_Output
PD8.Locked=true
PD8.Signal=GPIO_Output
PD9.GPIOParameters=GPIO_Label
PD9.GPIO_Label=FL_2_HLD
PD9.Locked=true
PD9.Signal=GPIO_Output
PE0.GPIOParameters=GPIO_Label
PE0.GPIO_Label=EXP_IN
PE0.Mode=Asynchronous
PE0.Signal=UART8_RX
PE1.GPIOParameters=GPIO_Label
PE1.GPIO_Label=EXP_OUT
PE1.Mode=Asynchronous
PE1.Signal=UART8_TX
PE2.Mode=Full_Duplex_Master
PE2.Signal=SPI4_SCK
PE5.Mode=Full_Duplex_Master
PE5.Signal=SPI4_MISO
PE6.Mode=Full_Duplex_Master
PE6.Signal=SPI4_MOSI
PF11.Locked=true
PF11.Mode=Full_Duplex_Master
PF11.Signal=SPI5_MOSI
PF12.GPIOParameters=GPIO_Label
PF12.GPIO_Label=ADC3_DRDY
PF12.Locked=true
PF12.Signal=GPXTI12
PF13.GPIOParameters=GPIO_Label
PF13.GPIO_Label=SPI5_CS
PF13.Locked=true
PF13.Signal=GPIO_Output
PF14.GPIOParameters=GPIO_Label
PF14.GPIO_Label=ADC3_START
PF14.Locked=true
PF14.Signal=GPIO_Output
PF15.GPIOParameters=GPIO_Label
PF15.GPIO_Label=ADC3_RES
PF15.Locked=true
PF15.Signal=GPIO_Output
PF7.Mode=Full_Duplex_Master
PF7.Signal=SPI5_SCK
PF8.Mode=Full_Duplex_Master
PF8.Signal=SPI5_MISO
PH10.GPIOParameters=GPIO_Label
PH10.GPIO_Label=FL_1_WP
PH10.Locked=true
PH10.Signal=GPIO_Output
PH11.GPIOParameters=GPIO_Label
PH11.GPIO_Label=FL_1_RES
PH11.Locked=true
PH11.Signal=GPIO_Output
PH12.GPIOParameters=GPIO_Label
PH12.GPIO_Label=FL_1_CS2
PH12.Locked=true
PH12.Signal=GPIO_Output
PH3.GPIOParameters=GPIO_Label
PH3.GPIO_Label=ADC2_DRDY
PH3.Locked=true
PH3.Signal=GPXTI3
PH4.GPIOParameters=GPIO_Label
PH4.GPIO_Label=SPI4_CS
PH4.Locked=true
PH4.Signal=GPIO_Output
PH5.GPIOParameters=GPIO_Label
PH5.GPIO_Label=ADC2_START
PH5.Locked=true
PH5.Signal=GPIO_Output
PH9.GPIOParameters=GPIO_Label
PH9.GPIO_Label=FL_1_HLD
PH9.Locked=true
PH9.Signal=GPIO_Output
PI5.GPIOParameters=GPIO_Label
PI5.GPIO_Label=SODS_OPT
PI5.Locked=true
PI5.Signal=GPXTI5
PI6.GPIOParameters=GPIO_Label
PI6.GPIO_Label=SOE_OPT
PI6.Locked=true
PI6.Signal=GPXTI6
PI7.GPIOParameters=GPIO_Label
PI7.GPIO_Label=LO_OPT
PI7.Locked=true
PI7.Signal=GPXTI7
PI9.GPIOParameters=GPIO_Label
PI9.GPIO_Label=DAPI_RX
PI9.Mode=Asynchronous
PI9.Signal=UART4_RX
PJ0.GPIOParameters=GPIO_Label
PJ0.GPIO_Label=ADC1_DRDY
PJ0.Locked=true
PJ0.Signal=GPXTI0
PJ1.GPIOParameters=GPIO_Label
PJ1.GPIO_Label=SPI3_CS
PJ1.Locked=true
PJ1.Signal=GPIO_Output
PJ2.GPIOParameters=GPIO_Label
PJ2.GPIO_Label=ADC1_START
PJ2.Locked=true
PJ2.Signal=GPIO_Output
PJ3.GPIOParameters=GPIO_Label
PJ3.GPIO_Label=ADC1_RES
PJ3.Locked=true
PJ3.Signal=GPIO_Output
PinOutPanel.RotationAngle=0
ProjectManager.AskForMigrate=true
ProjectManager.BackupPrevious=false
ProjectManager.CompilerOptimize=6
ProjectManager.ComputerToolchain=false
ProjectManager.CoupleFile=false
ProjectManager.CustomerFirmwarePackage=
ProjectManager.DefaultFWLocation=true
ProjectManager.DeletePrevious=true
ProjectManager.DeviceId=STM32F779BITx
ProjectManager.FirmwarePackage=STM32Cube FW_F7 V1.16.0
ProjectManager.FreePins=false
ProjectManager.HalAssertFull=false
ProjectManager.HeapSize=0x200
ProjectManager.KeepUserCode=true
ProjectManager.LastFirmware=true
ProjectManager.LibraryCopy=0
ProjectManager.MainLocation=Src
ProjectManager.NoMain=false
ProjectManager.PreviousToolchain=
ProjectManager.ProjectBuild=false
ProjectManager.ProjectFileName=Cube.ioc
ProjectManager.ProjectName=Cube
ProjectManager.StackSize=0x400
ProjectManager.TargetToolchain=EWARM V8.32
ProjectManager.ToolChainLocation=
ProjectManager.UnderRoot=false
ProjectManager.functionlistsort=1-MX_GPIO_Init-GPIO-false-HAL-true,2-SystemClock_Config-RCC-false-HAL-false,3-MX_ADC1_Init-ADC1-false-HAL-true,4-MX_CORTEX_M7_Init-CORTEX_M7-false-HAL-true,5-MX_SPI2_Init-SPI2-false-HAL-true,6-MX_SPI3_Init-SPI3-false-HAL-true,7-MX_SPI4_Init-SPI4-false-HAL-true,8-MX_SPI5_Init-SPI5-false-HAL-true,9-MX_SPI6_Init-SPI6-false-HAL-true,10-MX_UART4_Init-UART4-false-HAL-true
RCC.CECFreq_Value=32786.88524590164
RCC.DFSDMFreq_Value=16000000
RCC.DSIFreq_Value=62500000
RCC.DSITXEscFreq_Value=15625000
RCC.FamilyName=M
RCC.HSE_VALUE=25000000
RCC.HSI_VALUE=16000000
RCC.I2SFreq_Value=96000000
RCC.IPParameters=CECFreq_Value,DFSDMFreq_Value,DSIFreq_Value,DSITXEscFreq_Value,FamilyName,HSE_VALUE,HSI_VALUE,I2SFreq_Value,LCDTFTFreq_Value,LSE_VALUE,LSI_VALUE,PLLCLKFreq_Value,PLLDSIVCOFreq_Value,PLLI2SPCLKFreq_Value,PLLI2SQCLKFreq_Value,PLLI2SRCLKFreq_Value,PLLQCLKFreq_Value,PLLSAIPCLKFreq_Value,PLLSAIQCLKFreq_Value,PLLSAIRCLKFreq_Value,PLLSAIoutputFreq_Value,RNGFreq_Value,SAI1Freq_Value,SAI2Freq_Value,SDMMC2Freq_Value,SDMMCFreq_Value,SPDIFRXFreq_Value,USBFreq_Value,VCOI2SOutputFreq_Value,VCOInputFreq_Value,VCOOutputFreq_Value,VCOSAIOutputFreq_Value
RCC.LCDTFTFreq_Value=48000000
RCC.LSE_VALUE=32768
RCC.LSI_VALUE=32000
RCC.PLLCLKFreq_Value=96000000
RCC.PLLDSIVCOFreq_Value=1000000000
RCC.PLLI2SPCLKFreq_Value=96000000
RCC.PLLI2SQCLKFreq_Value=96000000
RCC.PLLI2SRCLKFreq_Value=96000000
RCC.PLLQCLKFreq_Value=96000000
RCC.PLLSAIPCLKFreq_Value=96000000
RCC.PLLSAIQCLKFreq_Value=96000000
RCC.PLLSAIRCLKFreq_Value=96000000
RCC.PLLSAIoutputFreq_Value=96000000
RCC.RNGFreq_Value=96000000
RCC.SAI1Freq_Value=96000000
RCC.SAI2Freq_Value=96000000
RCC.SDMMC2Freq_Value=16000000
RCC.SDMMCFreq_Value=16000000
RCC.SPDIFRXFreq_Value=96000000
RCC.USBFreq_Value=96000000
RCC.VCOI2SOutputFreq_Value=192000000
RCC.VCOInputFreq_Value=1000000
RCC.VCOOutputFreq_Value=192000000
RCC.VCOSAIOutputFreq_Value=192000000
SH.ADCx_IN4.0=ADC1_IN4,IN4
SH.ADCx_IN4.ConfNb=1
SH.ADCx_IN8.0=ADC1_IN8,IN8
SH.ADCx_IN8.ConfNb=1
SH.ADCx_IN9.0=ADC1_IN9,IN9
SH.ADCx_IN9.ConfNb=1
SH.GPXTI0.0=GPIO_EXTI0
SH.GPXTI0.ConfNb=1
SH.GPXTI12.0=GPIO_EXTI12
SH.GPXTI12.ConfNb=1
SH.GPXTI3.0=GPIO_EXTI3
SH.GPXTI3.ConfNb=1
SH.GPXTI5.0=GPIO_EXTI5
SH.GPXTI5.ConfNb=1
SH.GPXTI6.0=GPIO_EXTI6
SH.GPXTI6.ConfNb=1
SH.GPXTI7.0=GPIO_EXTI7
SH.GPXTI7.ConfNb=1
SPI2.CalculateBaudRate=8.0 MBits/s
SPI2.Direction=SPI_DIRECTION_2LINES
SPI2.IPParameters=VirtualType,Mode,Direction,CalculateBaudRate
SPI2.Mode=SPI_MODE_MASTER
SPI2.VirtualType=VM_MASTER
SPI3.CalculateBaudRate=8.0 MBits/s
SPI3.Direction=SPI_DIRECTION_2LINES
SPI3.IPParameters=VirtualType,Mode,Direction,CalculateBaudRate
SPI3.Mode=SPI_MODE_MASTER
SPI3.VirtualType=VM_MASTER
SPI4.CalculateBaudRate=8.0 MBits/s
SPI4.Direction=SPI_DIRECTION_2LINES
SPI4.IPParameters=VirtualType,Mode,Direction,CalculateBaudRate
SPI4.Mode=SPI_MODE_MASTER
SPI4.VirtualType=VM_MASTER
SPI5.CalculateBaudRate=8.0 MBits/s
SPI5.Direction=SPI_DIRECTION_2LINES
SPI5.IPParameters=VirtualType,Mode,Direction,CalculateBaudRate
SPI5.Mode=SPI_MODE_MASTER
SPI5.VirtualType=VM_MASTER
SPI6.CalculateBaudRate=8.0 MBits/s
SPI6.Direction=SPI_DIRECTION_2LINES
SPI6.IPParameters=VirtualType,Mode,Direction,CalculateBaudRate
SPI6.Mode=SPI_MODE_MASTER
SPI6.VirtualType=VM_MASTER
VP_SYS_VS_Systick.Mode=SysTick
VP_SYS_VS_Systick.Signal=SYS_VS_Systick
board=custom
